
Microsoft Visual Studio Solution File, Format Version 12.00
# Visual Studio 15
VisualStudioVersion = 15.0.27703.2026
MinimumVisualStudioVersion = 10.0.40219.1
Project("{FAE04EC0-301F-11D3-BF4B-00C04F79EFBC}") = "Gar.Droid", "Gar.Droid\Gar.Droid.csproj", "{01255293-33BB-44B5-9F5D-38FE3038BF42}"
EndProject
Project("{FAE04EC0-301F-11D3-BF4B-00C04F79EFBC}") = "Gar.Core", "Gar.Core\Gar.Core.csproj", "{FDB19493-E582-4A3D-8691-640251C21C17}"
EndProject
Project("{FAE04EC0-301F-11D3-BF4B-00C04F79EFBC}") = "Gar.Data", "Gar.Data\Gar.Data.csproj", "{EB8CED73-2D6E-47C0-9D8D-071263AB5110}"
EndProject
Project("{FAE04EC0-301F-11D3-BF4B-00C04F79EFBC}") = "Gar.ViewModels", "Gar.ViewModels\Gar.ViewModels.csproj", "{1B440DE2-5706-4444-9C8C-6B628455FCEF}"
EndProject
Global
	GlobalSection(SolutionConfigurationPlatforms) = preSolution
		Debug|Any CPU = Debug|Any CPU
		Release|Any CPU = Release|Any CPU
	EndGlobalSection
	GlobalSection(ProjectConfigurationPlatforms) = postSolution
		{01255293-33BB-44B5-9F5D-38FE3038BF42}.Debug|Any CPU.ActiveCfg = Debug|Any CPU
		{01255293-33BB-44B5-9F5D-38FE3038BF42}.Debug|Any CPU.Build.0 = Debug|Any CPU
		{01255293-33BB-44B5-9F5D-38FE3038BF42}.Debug|Any CPU.Deploy.0 = Debug|Any CPU
		{01255293-33BB-44B5-9F5D-38FE3038BF42}.Release|Any CPU.ActiveCfg = Release|Any CPU
		{01255293-33BB-44B5-9F5D-38FE3038BF42}.Release|Any CPU.Build.0 = Release|Any CPU
		{01255293-33BB-44B5-9F5D-38FE3038BF42}.Release|Any CPU.Deploy.0 = Release|Any CPU
		{FDB19493-E582-4A3D-8691-640251C21C17}.Debug|Any CPU.ActiveCfg = Debug|Any CPU
		{FDB19493-E582-4A3D-8691-640251C21C17}.Debug|Any CPU.Build.0 = Debug|Any CPU
		{FDB19493-E582-4A3D-8691-640251C21C17}.Release|Any CPU.ActiveCfg = Release|Any CPU
		{FDB19493-E582-4A3D-8691-640251C21C17}.Release|Any CPU.Build.0 = Release|Any CPU
		{EB8CED73-2D6E-47C0-9D8D-071263AB5110}.Debug|Any CPU.ActiveCfg = Debug|Any CPU
		{EB8CED73-2D6E-47C0-9D8D-071263AB5110}.Debug|Any CPU.Build.0 = Debug|Any CPU
		{EB8CED73-2D6E-47C0-9D8D-071263AB5110}.Release|Any CPU.ActiveCfg = Release|Any CPU
		{EB8CED73-2D6E-47C0-9D8D-071263AB5110}.Release|Any CPU.Build.0 = Release|Any CPU
		{1B440DE2-5706-4444-9C8C-6B628455FCEF}.Debug|Any CPU.ActiveCfg = Debug|Any CPU
		{1B440DE2-5706-4444-9C8C-6B628455FCEF}.Debug|Any CPU.Build.0 = Debug|Any CPU
		{1B440DE2-5706-4444-9C8C-6B628455FCEF}.Release|Any CPU.ActiveCfg = Release|Any CPU
		{1B440DE2-5706-4444-9C8C-6B628455FCEF}.Release|Any CPU.Build.0 = Release|Any CPU
	EndGlobalSection
	GlobalSection(SolutionProperties) = preSolution
		HideSolutionNode = FALSE
	EndGlobalSection
	GlobalSection(ExtensibilityGlobals) = postSolution
		SolutionGuid = {354FB001-CB21-461A-AC53-955087D81365}
	EndGlobalSection
EndGlobal
